
Microsoft Visual Studio Solution File, Format Version 12.00
# Visual Studio Version 16
VisualStudioVersion = 16.0.30413.136
MinimumVisualStudioVersion = 10.0.40219.1
Project("{FAE04EC0-301F-11D3-BF4B-00C04F79EFBC}") = "PR01-02-3", "PR01-02-3\PR01-02-3.csproj", "{DAEC7425-6147-42C6-962A-565C0B20196A}"
EndProject
Global
	GlobalSection(SolutionConfigurationPlatforms) = preSolution
		Debug|Any CPU = Debug|Any CPU
		Release|Any CPU = Release|Any CPU
	EndGlobalSection
	GlobalSection(ProjectConfigurationPlatforms) = postSolution
		{DAEC7425-6147-42C6-962A-565C0B20196A}.Debug|Any CPU.ActiveCfg = Debug|Any CPU
		{DAEC7425-6147-42C6-962A-565C0B20196A}.Debug|Any CPU.Build.0 = Debug|Any CPU
		{DAEC7425-6147-42C6-962A-565C0B20196A}.Release|Any CPU.ActiveCfg = Release|Any CPU
		{DAEC7425-6147-42C6-962A-565C0B20196A}.Release|Any CPU.Build.0 = Release|Any CPU
	EndGlobalSection
	GlobalSection(SolutionProperties) = preSolution
		HideSolutionNode = FALSE
	EndGlobalSection
	GlobalSection(ExtensibilityGlobals) = postSolution
		SolutionGuid = {F7B2B763-42B4-4773-89E1-6A301381FD85}
	EndGlobalSection
EndGlobal
